
Microsoft Visual Studio Solution File, Format Version 12.00
# Visual Studio Version 16
VisualStudioVersion = 16.0.32929.386
MinimumVisualStudioVersion = 10.0.40219.1
Project("{FAE04EC0-301F-11D3-BF4B-00C04F79EFBC}") = "Caesar-Schluesselung", "Caesar-Schluesselung\Caesar-Schluesselung.csproj", "{271BBAA8-43AF-488A-AF46-BA7686B84595}"
EndProject
Global
	GlobalSection(SolutionConfigurationPlatforms) = preSolution
		Debug|Any CPU = Debug|Any CPU
		Release|Any CPU = Release|Any CPU
	EndGlobalSection
	GlobalSection(ProjectConfigurationPlatforms) = postSolution
		{271BBAA8-43AF-488A-AF46-BA7686B84595}.Debug|Any CPU.ActiveCfg = Debug|Any CPU
		{271BBAA8-43AF-488A-AF46-BA7686B84595}.Debug|Any CPU.Build.0 = Debug|Any CPU
		{271BBAA8-43AF-488A-AF46-BA7686B84595}.Release|Any CPU.ActiveCfg = Release|Any CPU
		{271BBAA8-43AF-488A-AF46-BA7686B84595}.Release|Any CPU.Build.0 = Release|Any CPU
	EndGlobalSection
	GlobalSection(SolutionProperties) = preSolution
		HideSolutionNode = FALSE
	EndGlobalSection
	GlobalSection(ExtensibilityGlobals) = postSolution
		SolutionGuid = {CF61BE47-F638-4B6F-B84D-FD0A50616278}
	EndGlobalSection
EndGlobal
