
Microsoft Visual Studio Solution File, Format Version 12.00
# Visual Studio Version 16
VisualStudioVersion = 16.0.33027.164
MinimumVisualStudioVersion = 10.0.40219.1
Project("{FAE04EC0-301F-11D3-BF4B-00C04F79EFBC}") = "GrossKlein", "GrossKlein\GrossKlein.csproj", "{9F741F20-51F3-4724-A0A5-8FD0650062E0}"
EndProject
Global
	GlobalSection(SolutionConfigurationPlatforms) = preSolution
		Debug|Any CPU = Debug|Any CPU
		Release|Any CPU = Release|Any CPU
	EndGlobalSection
	GlobalSection(ProjectConfigurationPlatforms) = postSolution
		{9F741F20-51F3-4724-A0A5-8FD0650062E0}.Debug|Any CPU.ActiveCfg = Debug|Any CPU
		{9F741F20-51F3-4724-A0A5-8FD0650062E0}.Debug|Any CPU.Build.0 = Debug|Any CPU
		{9F741F20-51F3-4724-A0A5-8FD0650062E0}.Release|Any CPU.ActiveCfg = Release|Any CPU
		{9F741F20-51F3-4724-A0A5-8FD0650062E0}.Release|Any CPU.Build.0 = Release|Any CPU
	EndGlobalSection
	GlobalSection(SolutionProperties) = preSolution
		HideSolutionNode = FALSE
	EndGlobalSection
	GlobalSection(ExtensibilityGlobals) = postSolution
		SolutionGuid = {E1989996-C40F-42DD-82F8-542263334544}
	EndGlobalSection
EndGlobal
