
Microsoft Visual Studio Solution File, Format Version 12.00
# Visual Studio Version 16
VisualStudioVersion = 16.0.32929.386
MinimumVisualStudioVersion = 10.0.40219.1
Project("{FAE04EC0-301F-11D3-BF4B-00C04F79EFBC}") = "TierischeProperties", "TierischeProperties\TierischeProperties.csproj", "{97163B7C-93BA-4675-A873-31BA899009D1}"
EndProject
Project("{FAE04EC0-301F-11D3-BF4B-00C04F79EFBC}") = "test", "test\test.csproj", "{1DE846FA-29F2-464A-9EFC-0103CFB32A01}"
EndProject
Project("{FAE04EC0-301F-11D3-BF4B-00C04F79EFBC}") = "YieldSample", "YieldSample\YieldSample.csproj", "{EAC6676B-E5CC-44C9-A097-2F2C46566BA8}"
EndProject
Project("{FAE04EC0-301F-11D3-BF4B-00C04F79EFBC}") = "AttributeSample", "AttributeSample\AttributeSample.csproj", "{129C380A-450C-48C1-A5CA-06A503631B52}"
EndProject
Project("{FAE04EC0-301F-11D3-BF4B-00C04F79EFBC}") = "EinfacherThread", "EinfacherThread\EinfacherThread.csproj", "{E101E1B9-99FE-4480-A60E-C3A38CC5D569}"
EndProject
Global
	GlobalSection(SolutionConfigurationPlatforms) = preSolution
		Debug|Any CPU = Debug|Any CPU
		Release|Any CPU = Release|Any CPU
	EndGlobalSection
	GlobalSection(ProjectConfigurationPlatforms) = postSolution
		{97163B7C-93BA-4675-A873-31BA899009D1}.Debug|Any CPU.ActiveCfg = Debug|Any CPU
		{97163B7C-93BA-4675-A873-31BA899009D1}.Debug|Any CPU.Build.0 = Debug|Any CPU
		{97163B7C-93BA-4675-A873-31BA899009D1}.Release|Any CPU.ActiveCfg = Release|Any CPU
		{97163B7C-93BA-4675-A873-31BA899009D1}.Release|Any CPU.Build.0 = Release|Any CPU
		{1DE846FA-29F2-464A-9EFC-0103CFB32A01}.Debug|Any CPU.ActiveCfg = Debug|Any CPU
		{1DE846FA-29F2-464A-9EFC-0103CFB32A01}.Debug|Any CPU.Build.0 = Debug|Any CPU
		{1DE846FA-29F2-464A-9EFC-0103CFB32A01}.Release|Any CPU.ActiveCfg = Release|Any CPU
		{1DE846FA-29F2-464A-9EFC-0103CFB32A01}.Release|Any CPU.Build.0 = Release|Any CPU
		{EAC6676B-E5CC-44C9-A097-2F2C46566BA8}.Debug|Any CPU.ActiveCfg = Debug|Any CPU
		{EAC6676B-E5CC-44C9-A097-2F2C46566BA8}.Debug|Any CPU.Build.0 = Debug|Any CPU
		{EAC6676B-E5CC-44C9-A097-2F2C46566BA8}.Release|Any CPU.ActiveCfg = Release|Any CPU
		{EAC6676B-E5CC-44C9-A097-2F2C46566BA8}.Release|Any CPU.Build.0 = Release|Any CPU
		{129C380A-450C-48C1-A5CA-06A503631B52}.Debug|Any CPU.ActiveCfg = Debug|Any CPU
		{129C380A-450C-48C1-A5CA-06A503631B52}.Debug|Any CPU.Build.0 = Debug|Any CPU
		{129C380A-450C-48C1-A5CA-06A503631B52}.Release|Any CPU.ActiveCfg = Release|Any CPU
		{129C380A-450C-48C1-A5CA-06A503631B52}.Release|Any CPU.Build.0 = Release|Any CPU
		{E101E1B9-99FE-4480-A60E-C3A38CC5D569}.Debug|Any CPU.ActiveCfg = Debug|Any CPU
		{E101E1B9-99FE-4480-A60E-C3A38CC5D569}.Debug|Any CPU.Build.0 = Debug|Any CPU
		{E101E1B9-99FE-4480-A60E-C3A38CC5D569}.Release|Any CPU.ActiveCfg = Release|Any CPU
		{E101E1B9-99FE-4480-A60E-C3A38CC5D569}.Release|Any CPU.Build.0 = Release|Any CPU
	EndGlobalSection
	GlobalSection(SolutionProperties) = preSolution
		HideSolutionNode = FALSE
	EndGlobalSection
	GlobalSection(ExtensibilityGlobals) = postSolution
		SolutionGuid = {7AA805C1-0F3A-43C9-B842-0C581DEEA34E}
	EndGlobalSection
EndGlobal
