
Microsoft Visual Studio Solution File, Format Version 12.00
# Visual Studio Version 16
VisualStudioVersion = 16.0.32929.386
MinimumVisualStudioVersion = 10.0.40219.1
Project("{FAE04EC0-301F-11D3-BF4B-00C04F79EFBC}") = "OOPAufgabe3", "OOPAufgabe3\OOPAufgabe3.csproj", "{B591E070-A2DD-4EEF-8C9B-0619394A460C}"
EndProject
Global
	GlobalSection(SolutionConfigurationPlatforms) = preSolution
		Debug|Any CPU = Debug|Any CPU
		Release|Any CPU = Release|Any CPU
	EndGlobalSection
	GlobalSection(ProjectConfigurationPlatforms) = postSolution
		{B591E070-A2DD-4EEF-8C9B-0619394A460C}.Debug|Any CPU.ActiveCfg = Debug|Any CPU
		{B591E070-A2DD-4EEF-8C9B-0619394A460C}.Debug|Any CPU.Build.0 = Debug|Any CPU
		{B591E070-A2DD-4EEF-8C9B-0619394A460C}.Release|Any CPU.ActiveCfg = Release|Any CPU
		{B591E070-A2DD-4EEF-8C9B-0619394A460C}.Release|Any CPU.Build.0 = Release|Any CPU
	EndGlobalSection
	GlobalSection(SolutionProperties) = preSolution
		HideSolutionNode = FALSE
	EndGlobalSection
	GlobalSection(ExtensibilityGlobals) = postSolution
		SolutionGuid = {18F3D30A-1F08-45E5-9298-83DCF9C31BD6}
	EndGlobalSection
EndGlobal
