
Microsoft Visual Studio Solution File, Format Version 12.00
# Visual Studio Version 16
VisualStudioVersion = 16.0.32126.315
MinimumVisualStudioVersion = 10.0.40219.1
Project("{FAE04EC0-301F-11D3-BF4B-00C04F79EFBC}") = "KartenMeschen", "KartenMeschen\KartenMeschen.csproj", "{EC46E7BF-929E-4366-A8F1-965873F08086}"
EndProject
Global
	GlobalSection(SolutionConfigurationPlatforms) = preSolution
		Debug|Any CPU = Debug|Any CPU
		Release|Any CPU = Release|Any CPU
	EndGlobalSection
	GlobalSection(ProjectConfigurationPlatforms) = postSolution
		{EC46E7BF-929E-4366-A8F1-965873F08086}.Debug|Any CPU.ActiveCfg = Debug|Any CPU
		{EC46E7BF-929E-4366-A8F1-965873F08086}.Debug|Any CPU.Build.0 = Debug|Any CPU
		{EC46E7BF-929E-4366-A8F1-965873F08086}.Release|Any CPU.ActiveCfg = Release|Any CPU
		{EC46E7BF-929E-4366-A8F1-965873F08086}.Release|Any CPU.Build.0 = Release|Any CPU
	EndGlobalSection
	GlobalSection(SolutionProperties) = preSolution
		HideSolutionNode = FALSE
	EndGlobalSection
	GlobalSection(ExtensibilityGlobals) = postSolution
		SolutionGuid = {F62FD0D0-ADC7-4BF2-AD6E-6AD9B6085374}
	EndGlobalSection
EndGlobal
