
Microsoft Visual Studio Solution File, Format Version 12.00
# Visual Studio Version 16
VisualStudioVersion = 16.0.32929.386
MinimumVisualStudioVersion = 10.0.40219.1
Project("{FAE04EC0-301F-11D3-BF4B-00C04F79EFBC}") = "OOPAufgabe2", "OOPAufgabe2\OOPAufgabe2.csproj", "{00053998-6BCA-4673-B162-C75CC21F4B0B}"
EndProject
Global
	GlobalSection(SolutionConfigurationPlatforms) = preSolution
		Debug|Any CPU = Debug|Any CPU
		Release|Any CPU = Release|Any CPU
	EndGlobalSection
	GlobalSection(ProjectConfigurationPlatforms) = postSolution
		{00053998-6BCA-4673-B162-C75CC21F4B0B}.Debug|Any CPU.ActiveCfg = Debug|Any CPU
		{00053998-6BCA-4673-B162-C75CC21F4B0B}.Debug|Any CPU.Build.0 = Debug|Any CPU
		{00053998-6BCA-4673-B162-C75CC21F4B0B}.Release|Any CPU.ActiveCfg = Release|Any CPU
		{00053998-6BCA-4673-B162-C75CC21F4B0B}.Release|Any CPU.Build.0 = Release|Any CPU
	EndGlobalSection
	GlobalSection(SolutionProperties) = preSolution
		HideSolutionNode = FALSE
	EndGlobalSection
	GlobalSection(ExtensibilityGlobals) = postSolution
		SolutionGuid = {3EAA9496-3903-4AF9-B05D-0D595A150F6F}
	EndGlobalSection
EndGlobal
