
Microsoft Visual Studio Solution File, Format Version 12.00
# Visual Studio Version 16
VisualStudioVersion = 16.0.32929.386
MinimumVisualStudioVersion = 10.0.40219.1
Project("{FAE04EC0-301F-11D3-BF4B-00C04F79EFBC}") = "Konstruktor", "Konstruktor\Konstruktor.csproj", "{C4F9150B-5D73-4697-9F44-46CEE967523D}"
EndProject
Global
	GlobalSection(SolutionConfigurationPlatforms) = preSolution
		Debug|Any CPU = Debug|Any CPU
		Release|Any CPU = Release|Any CPU
	EndGlobalSection
	GlobalSection(ProjectConfigurationPlatforms) = postSolution
		{C4F9150B-5D73-4697-9F44-46CEE967523D}.Debug|Any CPU.ActiveCfg = Debug|Any CPU
		{C4F9150B-5D73-4697-9F44-46CEE967523D}.Debug|Any CPU.Build.0 = Debug|Any CPU
		{C4F9150B-5D73-4697-9F44-46CEE967523D}.Release|Any CPU.ActiveCfg = Release|Any CPU
		{C4F9150B-5D73-4697-9F44-46CEE967523D}.Release|Any CPU.Build.0 = Release|Any CPU
	EndGlobalSection
	GlobalSection(SolutionProperties) = preSolution
		HideSolutionNode = FALSE
	EndGlobalSection
	GlobalSection(ExtensibilityGlobals) = postSolution
		SolutionGuid = {9E057CC5-4205-4EB3-9158-7CE5BF71DBA8}
	EndGlobalSection
EndGlobal
