
Microsoft Visual Studio Solution File, Format Version 12.00
# Visual Studio Version 16
VisualStudioVersion = 16.0.32929.386
MinimumVisualStudioVersion = 10.0.40219.1
Project("{FAE04EC0-301F-11D3-BF4B-00C04F79EFBC}") = "Interface_Beipiel", "Interface_Beipiel\Interface_Beipiel.csproj", "{4375BBDE-402A-4419-8D4F-40166BFAE3CE}"
EndProject
Global
	GlobalSection(SolutionConfigurationPlatforms) = preSolution
		Debug|Any CPU = Debug|Any CPU
		Release|Any CPU = Release|Any CPU
	EndGlobalSection
	GlobalSection(ProjectConfigurationPlatforms) = postSolution
		{4375BBDE-402A-4419-8D4F-40166BFAE3CE}.Debug|Any CPU.ActiveCfg = Debug|Any CPU
		{4375BBDE-402A-4419-8D4F-40166BFAE3CE}.Debug|Any CPU.Build.0 = Debug|Any CPU
		{4375BBDE-402A-4419-8D4F-40166BFAE3CE}.Release|Any CPU.ActiveCfg = Release|Any CPU
		{4375BBDE-402A-4419-8D4F-40166BFAE3CE}.Release|Any CPU.Build.0 = Release|Any CPU
	EndGlobalSection
	GlobalSection(SolutionProperties) = preSolution
		HideSolutionNode = FALSE
	EndGlobalSection
	GlobalSection(ExtensibilityGlobals) = postSolution
		SolutionGuid = {66118F12-2AFF-4796-A181-9B54804918B6}
	EndGlobalSection
EndGlobal
