
Microsoft Visual Studio Solution File, Format Version 12.00
# Visual Studio Version 16
VisualStudioVersion = 16.0.33027.164
MinimumVisualStudioVersion = 10.0.40219.1
Project("{FAE04EC0-301F-11D3-BF4B-00C04F79EFBC}") = "MiniProjektLotto", "MiniProjektLotto\MiniProjektLotto.csproj", "{DE3A2B9E-37EE-41B8-8ABA-B4599214008B}"
EndProject
Global
	GlobalSection(SolutionConfigurationPlatforms) = preSolution
		Debug|Any CPU = Debug|Any CPU
		Release|Any CPU = Release|Any CPU
	EndGlobalSection
	GlobalSection(ProjectConfigurationPlatforms) = postSolution
		{DE3A2B9E-37EE-41B8-8ABA-B4599214008B}.Debug|Any CPU.ActiveCfg = Debug|Any CPU
		{DE3A2B9E-37EE-41B8-8ABA-B4599214008B}.Debug|Any CPU.Build.0 = Debug|Any CPU
		{DE3A2B9E-37EE-41B8-8ABA-B4599214008B}.Release|Any CPU.ActiveCfg = Release|Any CPU
		{DE3A2B9E-37EE-41B8-8ABA-B4599214008B}.Release|Any CPU.Build.0 = Release|Any CPU
	EndGlobalSection
	GlobalSection(SolutionProperties) = preSolution
		HideSolutionNode = FALSE
	EndGlobalSection
	GlobalSection(ExtensibilityGlobals) = postSolution
		SolutionGuid = {8552C462-EF1B-43B5-866F-46BEEB09EE75}
	EndGlobalSection
EndGlobal
