
Microsoft Visual Studio Solution File, Format Version 12.00
# Visual Studio Version 16
VisualStudioVersion = 16.0.32929.386
MinimumVisualStudioVersion = 10.0.40219.1
Project("{FAE04EC0-301F-11D3-BF4B-00C04F79EFBC}") = "Warpkern", "Warpkern\Warpkern.csproj", "{9F5E3ABD-BFE2-4280-A60E-F2B3E28F5C6B}"
EndProject
Global
	GlobalSection(SolutionConfigurationPlatforms) = preSolution
		Debug|Any CPU = Debug|Any CPU
		Release|Any CPU = Release|Any CPU
	EndGlobalSection
	GlobalSection(ProjectConfigurationPlatforms) = postSolution
		{9F5E3ABD-BFE2-4280-A60E-F2B3E28F5C6B}.Debug|Any CPU.ActiveCfg = Debug|Any CPU
		{9F5E3ABD-BFE2-4280-A60E-F2B3E28F5C6B}.Debug|Any CPU.Build.0 = Debug|Any CPU
		{9F5E3ABD-BFE2-4280-A60E-F2B3E28F5C6B}.Release|Any CPU.ActiveCfg = Release|Any CPU
		{9F5E3ABD-BFE2-4280-A60E-F2B3E28F5C6B}.Release|Any CPU.Build.0 = Release|Any CPU
	EndGlobalSection
	GlobalSection(SolutionProperties) = preSolution
		HideSolutionNode = FALSE
	EndGlobalSection
	GlobalSection(ExtensibilityGlobals) = postSolution
		SolutionGuid = {BD18E994-4D0A-4CD9-BD11-9737C02B62EE}
	EndGlobalSection
EndGlobal
