
Microsoft Visual Studio Solution File, Format Version 12.00
# Visual Studio Version 16
VisualStudioVersion = 16.0.32126.315
MinimumVisualStudioVersion = 10.0.40219.1
Project("{FAE04EC0-301F-11D3-BF4B-00C04F79EFBC}") = "Generischer_Pirat", "Generischer_Pirat\Generischer_Pirat.csproj", "{92AFED3F-C9B5-4860-AEE0-346885145920}"
EndProject
Global
	GlobalSection(SolutionConfigurationPlatforms) = preSolution
		Debug|Any CPU = Debug|Any CPU
		Release|Any CPU = Release|Any CPU
	EndGlobalSection
	GlobalSection(ProjectConfigurationPlatforms) = postSolution
		{92AFED3F-C9B5-4860-AEE0-346885145920}.Debug|Any CPU.ActiveCfg = Debug|Any CPU
		{92AFED3F-C9B5-4860-AEE0-346885145920}.Debug|Any CPU.Build.0 = Debug|Any CPU
		{92AFED3F-C9B5-4860-AEE0-346885145920}.Release|Any CPU.ActiveCfg = Release|Any CPU
		{92AFED3F-C9B5-4860-AEE0-346885145920}.Release|Any CPU.Build.0 = Release|Any CPU
	EndGlobalSection
	GlobalSection(SolutionProperties) = preSolution
		HideSolutionNode = FALSE
	EndGlobalSection
	GlobalSection(ExtensibilityGlobals) = postSolution
		SolutionGuid = {34915CA0-E339-411F-9089-C217F330A1F1}
	EndGlobalSection
EndGlobal
