
Microsoft Visual Studio Solution File, Format Version 12.00
# Visual Studio Version 16
VisualStudioVersion = 16.0.32126.315
MinimumVisualStudioVersion = 10.0.40219.1
Project("{FAE04EC0-301F-11D3-BF4B-00C04F79EFBC}") = "GenericsBeispiel", "GenericsBeispiel\GenericsBeispiel.csproj", "{5317438C-D00B-4DCB-B67D-F013FAE77E0D}"
EndProject
Global
	GlobalSection(SolutionConfigurationPlatforms) = preSolution
		Debug|Any CPU = Debug|Any CPU
		Release|Any CPU = Release|Any CPU
	EndGlobalSection
	GlobalSection(ProjectConfigurationPlatforms) = postSolution
		{5317438C-D00B-4DCB-B67D-F013FAE77E0D}.Debug|Any CPU.ActiveCfg = Debug|Any CPU
		{5317438C-D00B-4DCB-B67D-F013FAE77E0D}.Debug|Any CPU.Build.0 = Debug|Any CPU
		{5317438C-D00B-4DCB-B67D-F013FAE77E0D}.Release|Any CPU.ActiveCfg = Release|Any CPU
		{5317438C-D00B-4DCB-B67D-F013FAE77E0D}.Release|Any CPU.Build.0 = Release|Any CPU
	EndGlobalSection
	GlobalSection(SolutionProperties) = preSolution
		HideSolutionNode = FALSE
	EndGlobalSection
	GlobalSection(ExtensibilityGlobals) = postSolution
		SolutionGuid = {467361C6-335C-487C-84CE-D7ACD19B278E}
	EndGlobalSection
EndGlobal
