
Microsoft Visual Studio Solution File, Format Version 12.00
# Visual Studio Version 16
VisualStudioVersion = 16.0.32929.386
MinimumVisualStudioVersion = 10.0.40219.1
Project("{FAE04EC0-301F-11D3-BF4B-00C04F79EFBC}") = "DAHRS-Rechner", "DAHRS-Rechner\DAHRS-Rechner.csproj", "{42BE1F47-5825-4D6D-B759-2007BDC65A5D}"
EndProject
Global
	GlobalSection(SolutionConfigurationPlatforms) = preSolution
		Debug|Any CPU = Debug|Any CPU
		Release|Any CPU = Release|Any CPU
	EndGlobalSection
	GlobalSection(ProjectConfigurationPlatforms) = postSolution
		{42BE1F47-5825-4D6D-B759-2007BDC65A5D}.Debug|Any CPU.ActiveCfg = Debug|Any CPU
		{42BE1F47-5825-4D6D-B759-2007BDC65A5D}.Debug|Any CPU.Build.0 = Debug|Any CPU
		{42BE1F47-5825-4D6D-B759-2007BDC65A5D}.Release|Any CPU.ActiveCfg = Release|Any CPU
		{42BE1F47-5825-4D6D-B759-2007BDC65A5D}.Release|Any CPU.Build.0 = Release|Any CPU
	EndGlobalSection
	GlobalSection(SolutionProperties) = preSolution
		HideSolutionNode = FALSE
	EndGlobalSection
	GlobalSection(ExtensibilityGlobals) = postSolution
		SolutionGuid = {5B1192F4-041D-4810-BAA8-A0D5F0B2CDD6}
	EndGlobalSection
EndGlobal
